
Microsoft Visual Studio Solution File, Format Version 12.00
# Visual Studio 15
VisualStudioVersion = 15.0.28307.705
MinimumVisualStudioVersion = 10.0.40219.1
Project("{888888A0-9F3D-457C-B088-3A5042F75D52}") = "WordCounter", "WordCounter\WordCounter.pyproj", "{12C85BF0-389B-4CBC-ABB2-EFC4667C3440}"
EndProject
Global
	GlobalSection(SolutionConfigurationPlatforms) = preSolution
		Debug|Any CPU = Debug|Any CPU
		Release|Any CPU = Release|Any CPU
	EndGlobalSection
	GlobalSection(ProjectConfigurationPlatforms) = postSolution
		{12C85BF0-389B-4CBC-ABB2-EFC4667C3440}.Debug|Any CPU.ActiveCfg = Debug|Any CPU
		{12C85BF0-389B-4CBC-ABB2-EFC4667C3440}.Release|Any CPU.ActiveCfg = Release|Any CPU
	EndGlobalSection
	GlobalSection(SolutionProperties) = preSolution
		HideSolutionNode = FALSE
	EndGlobalSection
	GlobalSection(ExtensibilityGlobals) = postSolution
		SolutionGuid = {42A5A0B7-23C6-4FBE-8A76-3C6F9E47AD30}
	EndGlobalSection
EndGlobal
